// !$*UTF8*$!
{
	archiveVersion = 1;
	classes = {
	};
	objectVersion = 55;
	objects = {

/* Begin PBXBuildFile section */
		875C8EF02774BE99008F4FA5 /* HeyQiitaCore.docc in Sources */ = {isa = PBXBuildFile; fileRef = 875C8EEF2774BE99008F4FA5 /* HeyQiitaCore.docc */; };
		875C8EF62774BE99008F4FA5 /* HeyQiitaCore.framework in Frameworks */ = {isa = PBXBuildFile; fileRef = 875C8EEC2774BE99008F4FA5 /* HeyQiitaCore.framework */; };
		875C8EFD2774BE99008F4FA5 /* HeyQiitaCoreTests.swift in Sources */ = {isa = PBXBuildFile; fileRef = 875C8EFC2774BE99008F4FA5 /* HeyQiitaCoreTests.swift */; };
		875C8EFE2774BE99008F4FA5 /* HeyQiitaCore.h in Headers */ = {isa = PBXBuildFile; fileRef = 875C8EEE2774BE99008F4FA5 /* HeyQiitaCore.h */; settings = {ATTRIBUTES = (Public, ); }; };
		875C8F012774BE99008F4FA5 /* HeyQiitaCore.framework in Frameworks */ = {isa = PBXBuildFile; fileRef = 875C8EEC2774BE99008F4FA5 /* HeyQiitaCore.framework */; };
		875C8F022774BE99008F4FA5 /* HeyQiitaCore.framework in Embed Frameworks */ = {isa = PBXBuildFile; fileRef = 875C8EEC2774BE99008F4FA5 /* HeyQiitaCore.framework */; settings = {ATTRIBUTES = (CodeSignOnCopy, RemoveHeadersOnCopy, ); }; };
		875C8F182774C1FB008F4FA5 /* HeyQiitaNetwork.docc in Sources */ = {isa = PBXBuildFile; fileRef = 875C8F172774C1FB008F4FA5 /* HeyQiitaNetwork.docc */; };
		875C8F1E2774C1FB008F4FA5 /* HeyQiitaNetwork.framework in Frameworks */ = {isa = PBXBuildFile; fileRef = 875C8F142774C1FB008F4FA5 /* HeyQiitaNetwork.framework */; };
		875C8F252774C1FB008F4FA5 /* HeyQiitaNetworkTests.swift in Sources */ = {isa = PBXBuildFile; fileRef = 875C8F242774C1FB008F4FA5 /* HeyQiitaNetworkTests.swift */; };
		875C8F262774C1FB008F4FA5 /* HeyQiitaNetwork.h in Headers */ = {isa = PBXBuildFile; fileRef = 875C8F162774C1FB008F4FA5 /* HeyQiitaNetwork.h */; settings = {ATTRIBUTES = (Public, ); }; };
		87836E652789E1FB00842C00 /* AppLogo.swift in Sources */ = {isa = PBXBuildFile; fileRef = 87836E642789E1FB00842C00 /* AppLogo.swift */; };
		878832562774C78E00B7FBDB /* HeyQiitaNetwork.framework in Frameworks */ = {isa = PBXBuildFile; fileRef = 875C8F142774C1FB008F4FA5 /* HeyQiitaNetwork.framework */; };
		878832572774C78E00B7FBDB /* HeyQiitaNetwork.framework in Embed Frameworks */ = {isa = PBXBuildFile; fileRef = 875C8F142774C1FB008F4FA5 /* HeyQiitaNetwork.framework */; settings = {ATTRIBUTES = (CodeSignOnCopy, RemoveHeadersOnCopy, ); }; };
		8793CF312773778E00A8AB81 /* README.md in Resources */ = {isa = PBXBuildFile; fileRef = 8793CF302773778E00A8AB81 /* README.md */; };
		87B8B711277376000060A5FC /* HeyQiitaApp.swift in Sources */ = {isa = PBXBuildFile; fileRef = 87B8B710277376000060A5FC /* HeyQiitaApp.swift */; };
		87B8B713277376000060A5FC /* ContentView.swift in Sources */ = {isa = PBXBuildFile; fileRef = 87B8B712277376000060A5FC /* ContentView.swift */; };
		87B8B715277376020060A5FC /* Assets.xcassets in Resources */ = {isa = PBXBuildFile; fileRef = 87B8B714277376020060A5FC /* Assets.xcassets */; };
		87B8B718277376020060A5FC /* Preview Assets.xcassets in Resources */ = {isa = PBXBuildFile; fileRef = 87B8B717277376020060A5FC /* Preview Assets.xcassets */; };
		87B8B722277376020060A5FC /* HeyQiitaTests.swift in Sources */ = {isa = PBXBuildFile; fileRef = 87B8B721277376020060A5FC /* HeyQiitaTests.swift */; };
		87B8B72C277376020060A5FC /* HeyQiitaUITests.swift in Sources */ = {isa = PBXBuildFile; fileRef = 87B8B72B277376020060A5FC /* HeyQiitaUITests.swift */; };
		87B8B72E277376020060A5FC /* HeyQiitaUITestsLaunchTests.swift in Sources */ = {isa = PBXBuildFile; fileRef = 87B8B72D277376020060A5FC /* HeyQiitaUITestsLaunchTests.swift */; };
/* End PBXBuildFile section */

/* Begin PBXContainerItemProxy section */
		875C8EF72774BE99008F4FA5 /* PBXContainerItemProxy */ = {
			isa = PBXContainerItemProxy;
			containerPortal = 87B8B705277376000060A5FC /* Project object */;
			proxyType = 1;
			remoteGlobalIDString = 875C8EEB2774BE99008F4FA5;
			remoteInfo = HeyQiitaCore;
		};
		875C8EF92774BE99008F4FA5 /* PBXContainerItemProxy */ = {
			isa = PBXContainerItemProxy;
			containerPortal = 87B8B705277376000060A5FC /* Project object */;
			proxyType = 1;
			remoteGlobalIDString = 87B8B70C277376000060A5FC;
			remoteInfo = HeyQiita;
		};
		875C8EFF2774BE99008F4FA5 /* PBXContainerItemProxy */ = {
			isa = PBXContainerItemProxy;
			containerPortal = 87B8B705277376000060A5FC /* Project object */;
			proxyType = 1;
			remoteGlobalIDString = 875C8EEB2774BE99008F4FA5;
			remoteInfo = HeyQiitaCore;
		};
		875C8F1F2774C1FB008F4FA5 /* PBXContainerItemProxy */ = {
			isa = PBXContainerItemProxy;
			containerPortal = 87B8B705277376000060A5FC /* Project object */;
			proxyType = 1;
			remoteGlobalIDString = 875C8F132774C1FB008F4FA5;
			remoteInfo = HeyQiitaNetwork;
		};
		875C8F212774C1FB008F4FA5 /* PBXContainerItemProxy */ = {
			isa = PBXContainerItemProxy;
			containerPortal = 87B8B705277376000060A5FC /* Project object */;
			proxyType = 1;
			remoteGlobalIDString = 87B8B70C277376000060A5FC;
			remoteInfo = HeyQiita;
		};
		878832582774C78E00B7FBDB /* PBXContainerItemProxy */ = {
			isa = PBXContainerItemProxy;
			containerPortal = 87B8B705277376000060A5FC /* Project object */;
			proxyType = 1;
			remoteGlobalIDString = 875C8F132774C1FB008F4FA5;
			remoteInfo = HeyQiitaNetwork;
		};
		87B8B71E277376020060A5FC /* PBXContainerItemProxy */ = {
			isa = PBXContainerItemProxy;
			containerPortal = 87B8B705277376000060A5FC /* Project object */;
			proxyType = 1;
			remoteGlobalIDString = 87B8B70C277376000060A5FC;
			remoteInfo = HeyQiita;
		};
		87B8B728277376020060A5FC /* PBXContainerItemProxy */ = {
			isa = PBXContainerItemProxy;
			containerPortal = 87B8B705277376000060A5FC /* Project object */;
			proxyType = 1;
			remoteGlobalIDString = 87B8B70C277376000060A5FC;
			remoteInfo = HeyQiita;
		};
/* End PBXContainerItemProxy section */

/* Begin PBXCopyFilesBuildPhase section */
		875C8F032774BE99008F4FA5 /* Embed Frameworks */ = {
			isa = PBXCopyFilesBuildPhase;
			buildActionMask = 2147483647;
			dstPath = "";
			dstSubfolderSpec = 10;
			files = (
				875C8F022774BE99008F4FA5 /* HeyQiitaCore.framework in Embed Frameworks */,
			);
			name = "Embed Frameworks";
			runOnlyForDeploymentPostprocessing = 0;
		};
		8788325A2774C78E00B7FBDB /* Embed Frameworks */ = {
			isa = PBXCopyFilesBuildPhase;
			buildActionMask = 2147483647;
			dstPath = "";
			dstSubfolderSpec = 10;
			files = (
				878832572774C78E00B7FBDB /* HeyQiitaNetwork.framework in Embed Frameworks */,
			);
			name = "Embed Frameworks";
			runOnlyForDeploymentPostprocessing = 0;
		};
/* End PBXCopyFilesBuildPhase section */

/* Begin PBXFileReference section */
		875C8EEC2774BE99008F4FA5 /* HeyQiitaCore.framework */ = {isa = PBXFileReference; explicitFileType = wrapper.framework; includeInIndex = 0; path = HeyQiitaCore.framework; sourceTree = BUILT_PRODUCTS_DIR; };
		875C8EEE2774BE99008F4FA5 /* HeyQiitaCore.h */ = {isa = PBXFileReference; lastKnownFileType = sourcecode.c.h; path = HeyQiitaCore.h; sourceTree = "<group>"; };
		875C8EEF2774BE99008F4FA5 /* HeyQiitaCore.docc */ = {isa = PBXFileReference; lastKnownFileType = folder.documentationcatalog; path = HeyQiitaCore.docc; sourceTree = "<group>"; };
		875C8EF52774BE99008F4FA5 /* HeyQiitaCoreTests.xctest */ = {isa = PBXFileReference; explicitFileType = wrapper.cfbundle; includeInIndex = 0; path = HeyQiitaCoreTests.xctest; sourceTree = BUILT_PRODUCTS_DIR; };
		875C8EFC2774BE99008F4FA5 /* HeyQiitaCoreTests.swift */ = {isa = PBXFileReference; lastKnownFileType = sourcecode.swift; path = HeyQiitaCoreTests.swift; sourceTree = "<group>"; };
		875C8F142774C1FB008F4FA5 /* HeyQiitaNetwork.framework */ = {isa = PBXFileReference; explicitFileType = wrapper.framework; includeInIndex = 0; path = HeyQiitaNetwork.framework; sourceTree = BUILT_PRODUCTS_DIR; };
		875C8F162774C1FB008F4FA5 /* HeyQiitaNetwork.h */ = {isa = PBXFileReference; lastKnownFileType = sourcecode.c.h; path = HeyQiitaNetwork.h; sourceTree = "<group>"; };
		875C8F172774C1FB008F4FA5 /* HeyQiitaNetwork.docc */ = {isa = PBXFileReference; lastKnownFileType = folder.documentationcatalog; path = HeyQiitaNetwork.docc; sourceTree = "<group>"; };
		875C8F1D2774C1FB008F4FA5 /* HeyQiitaNetworkTests.xctest */ = {isa = PBXFileReference; explicitFileType = wrapper.cfbundle; includeInIndex = 0; path = HeyQiitaNetworkTests.xctest; sourceTree = BUILT_PRODUCTS_DIR; };
		875C8F242774C1FB008F4FA5 /* HeyQiitaNetworkTests.swift */ = {isa = PBXFileReference; lastKnownFileType = sourcecode.swift; path = HeyQiitaNetworkTests.swift; sourceTree = "<group>"; };
		87836E642789E1FB00842C00 /* AppLogo.swift */ = {isa = PBXFileReference; lastKnownFileType = sourcecode.swift; path = AppLogo.swift; sourceTree = "<group>"; };
		8793CF302773778E00A8AB81 /* README.md */ = {isa = PBXFileReference; fileEncoding = 4; lastKnownFileType = net.daringfireball.markdown; path = README.md; sourceTree = "<group>"; };
		87B8B70D277376000060A5FC /* HeyQiita.app */ = {isa = PBXFileReference; explicitFileType = wrapper.application; includeInIndex = 0; path = HeyQiita.app; sourceTree = BUILT_PRODUCTS_DIR; };
		87B8B710277376000060A5FC /* HeyQiitaApp.swift */ = {isa = PBXFileReference; lastKnownFileType = sourcecode.swift; path = HeyQiitaApp.swift; sourceTree = "<group>"; };
		87B8B712277376000060A5FC /* ContentView.swift */ = {isa = PBXFileReference; lastKnownFileType = sourcecode.swift; path = ContentView.swift; sourceTree = "<group>"; };
		87B8B714277376020060A5FC /* Assets.xcassets */ = {isa = PBXFileReference; lastKnownFileType = folder.assetcatalog; path = Assets.xcassets; sourceTree = "<group>"; };
		87B8B717277376020060A5FC /* Preview Assets.xcassets */ = {isa = PBXFileReference; lastKnownFileType = folder.assetcatalog; path = "Preview Assets.xcassets"; sourceTree = "<group>"; };
		87B8B71D277376020060A5FC /* HeyQiitaTests.xctest */ = {isa = PBXFileReference; explicitFileType = wrapper.cfbundle; includeInIndex = 0; path = HeyQiitaTests.xctest; sourceTree = BUILT_PRODUCTS_DIR; };
		87B8B721277376020060A5FC /* HeyQiitaTests.swift */ = {isa = PBXFileReference; lastKnownFileType = sourcecode.swift; path = HeyQiitaTests.swift; sourceTree = "<group>"; };
		87B8B727277376020060A5FC /* HeyQiitaUITests.xctest */ = {isa = PBXFileReference; explicitFileType = wrapper.cfbundle; includeInIndex = 0; path = HeyQiitaUITests.xctest; sourceTree = BUILT_PRODUCTS_DIR; };
		87B8B72B277376020060A5FC /* HeyQiitaUITests.swift */ = {isa = PBXFileReference; lastKnownFileType = sourcecode.swift; path = HeyQiitaUITests.swift; sourceTree = "<group>"; };
		87B8B72D277376020060A5FC /* HeyQiitaUITestsLaunchTests.swift */ = {isa = PBXFileReference; lastKnownFileType = sourcecode.swift; path = HeyQiitaUITestsLaunchTests.swift; sourceTree = "<group>"; };
/* End PBXFileReference section */

/* Begin PBXFrameworksBuildPhase section */
		875C8EE92774BE99008F4FA5 /* Frameworks */ = {
			isa = PBXFrameworksBuildPhase;
			buildActionMask = 2147483647;
			files = (
				878832562774C78E00B7FBDB /* HeyQiitaNetwork.framework in Frameworks */,
			);
			runOnlyForDeploymentPostprocessing = 0;
		};
		875C8EF22774BE99008F4FA5 /* Frameworks */ = {
			isa = PBXFrameworksBuildPhase;
			buildActionMask = 2147483647;
			files = (
				875C8EF62774BE99008F4FA5 /* HeyQiitaCore.framework in Frameworks */,
			);
			runOnlyForDeploymentPostprocessing = 0;
		};
		875C8F112774C1FB008F4FA5 /* Frameworks */ = {
			isa = PBXFrameworksBuildPhase;
			buildActionMask = 2147483647;
			files = (
			);
			runOnlyForDeploymentPostprocessing = 0;
		};
		875C8F1A2774C1FB008F4FA5 /* Frameworks */ = {
			isa = PBXFrameworksBuildPhase;
			buildActionMask = 2147483647;
			files = (
				875C8F1E2774C1FB008F4FA5 /* HeyQiitaNetwork.framework in Frameworks */,
			);
			runOnlyForDeploymentPostprocessing = 0;
		};
		87B8B70A277376000060A5FC /* Frameworks */ = {
			isa = PBXFrameworksBuildPhase;
			buildActionMask = 2147483647;
			files = (
				875C8F012774BE99008F4FA5 /* HeyQiitaCore.framework in Frameworks */,
			);
			runOnlyForDeploymentPostprocessing = 0;
		};
		87B8B71A277376020060A5FC /* Frameworks */ = {
			isa = PBXFrameworksBuildPhase;
			buildActionMask = 2147483647;
			files = (
			);
			runOnlyForDeploymentPostprocessing = 0;
		};
		87B8B724277376020060A5FC /* Frameworks */ = {
			isa = PBXFrameworksBuildPhase;
			buildActionMask = 2147483647;
			files = (
			);
			runOnlyForDeploymentPostprocessing = 0;
		};
/* End PBXFrameworksBuildPhase section */

/* Begin PBXGroup section */
		875C8EED2774BE99008F4FA5 /* HeyQiitaCore */ = {
			isa = PBXGroup;
			children = (
				875C8EEE2774BE99008F4FA5 /* HeyQiitaCore.h */,
				875C8EEF2774BE99008F4FA5 /* HeyQiitaCore.docc */,
			);
			path = HeyQiitaCore;
			sourceTree = "<group>";
		};
		875C8EFB2774BE99008F4FA5 /* HeyQiitaCoreTests */ = {
			isa = PBXGroup;
			children = (
				875C8EFC2774BE99008F4FA5 /* HeyQiitaCoreTests.swift */,
			);
			path = HeyQiitaCoreTests;
			sourceTree = "<group>";
		};
		875C8F152774C1FB008F4FA5 /* HeyQiitaNetwork */ = {
			isa = PBXGroup;
			children = (
				875C8F162774C1FB008F4FA5 /* HeyQiitaNetwork.h */,
				875C8F172774C1FB008F4FA5 /* HeyQiitaNetwork.docc */,
			);
			path = HeyQiitaNetwork;
			sourceTree = "<group>";
		};
		875C8F232774C1FB008F4FA5 /* HeyQiitaNetworkTests */ = {
			isa = PBXGroup;
			children = (
				875C8F242774C1FB008F4FA5 /* HeyQiitaNetworkTests.swift */,
			);
			path = HeyQiitaNetworkTests;
			sourceTree = "<group>";
		};
		87836E5D2789DDEB00842C00 /* View */ = {
			isa = PBXGroup;
			children = (
				87836E5E2789DE6000842C00 /* Atoms */,
				87836E602789DEA300842C00 /* Templates */,
				87836E612789DEC100842C00 /* Pages */,
			);
			path = View;
			sourceTree = "<group>";
		};
		87836E5E2789DE6000842C00 /* Atoms */ = {
			isa = PBXGroup;
			children = (
				87836E642789E1FB00842C00 /* AppLogo.swift */,
			);
			path = Atoms;
			sourceTree = "<group>";
		};
		87836E602789DEA300842C00 /* Templates */ = {
			isa = PBXGroup;
			children = (
			);
			path = Templates;
			sourceTree = "<group>";
		};
		87836E612789DEC100842C00 /* Pages */ = {
			isa = PBXGroup;
			children = (
			);
			path = Pages;
			sourceTree = "<group>";
		};
		878832552774C78E00B7FBDB /* Frameworks */ = {
			isa = PBXGroup;
			children = (
			);
			name = Frameworks;
			sourceTree = "<group>";
		};
		8793CF2F2773777B00A8AB81 /* Settings */ = {
			isa = PBXGroup;
			children = (
				8793CF302773778E00A8AB81 /* README.md */,
			);
			name = Settings;
			sourceTree = "<group>";
		};
		87B8B704277376000060A5FC = {
			isa = PBXGroup;
			children = (
				87B8B70F277376000060A5FC /* HeyQiita */,
				875C8EED2774BE99008F4FA5 /* HeyQiitaCore */,
				875C8F152774C1FB008F4FA5 /* HeyQiitaNetwork */,
				87B8B720277376020060A5FC /* HeyQiitaTests */,
				87B8B72A277376020060A5FC /* HeyQiitaUITests */,
				875C8EFB2774BE99008F4FA5 /* HeyQiitaCoreTests */,
				875C8F232774C1FB008F4FA5 /* HeyQiitaNetworkTests */,
				8793CF2F2773777B00A8AB81 /* Settings */,
				87B8B70E277376000060A5FC /* Products */,
				878832552774C78E00B7FBDB /* Frameworks */,
			);
			sourceTree = "<group>";
		};
		87B8B70E277376000060A5FC /* Products */ = {
			isa = PBXGroup;
			children = (
				87B8B70D277376000060A5FC /* HeyQiita.app */,
				87B8B71D277376020060A5FC /* HeyQiitaTests.xctest */,
				87B8B727277376020060A5FC /* HeyQiitaUITests.xctest */,
				875C8EEC2774BE99008F4FA5 /* HeyQiitaCore.framework */,
				875C8EF52774BE99008F4FA5 /* HeyQiitaCoreTests.xctest */,
				875C8F142774C1FB008F4FA5 /* HeyQiitaNetwork.framework */,
				875C8F1D2774C1FB008F4FA5 /* HeyQiitaNetworkTests.xctest */,
			);
			name = Products;
			sourceTree = "<group>";
		};
		87B8B70F277376000060A5FC /* HeyQiita */ = {
			isa = PBXGroup;
			children = (
				87B8B710277376000060A5FC /* HeyQiitaApp.swift */,
				87836E5D2789DDEB00842C00 /* View */,
				87B8B712277376000060A5FC /* ContentView.swift */,
				87B8B714277376020060A5FC /* Assets.xcassets */,
				87B8B716277376020060A5FC /* Preview Content */,
			);
			path = HeyQiita;
			sourceTree = "<group>";
		};
		87B8B716277376020060A5FC /* Preview Content */ = {
			isa = PBXGroup;
			children = (
				87B8B717277376020060A5FC /* Preview Assets.xcassets */,
			);
			path = "Preview Content";
			sourceTree = "<group>";
		};
		87B8B720277376020060A5FC /* HeyQiitaTests */ = {
			isa = PBXGroup;
			children = (
				87B8B721277376020060A5FC /* HeyQiitaTests.swift */,
			);
			path = HeyQiitaTests;
			sourceTree = "<group>";
		};
		87B8B72A277376020060A5FC /* HeyQiitaUITests */ = {
			isa = PBXGroup;
			children = (
				87B8B72B277376020060A5FC /* HeyQiitaUITests.swift */,
				87B8B72D277376020060A5FC /* HeyQiitaUITestsLaunchTests.swift */,
			);
			path = HeyQiitaUITests;
			sourceTree = "<group>";
		};
/* End PBXGroup section */

/* Begin PBXHeadersBuildPhase section */
		875C8EE72774BE99008F4FA5 /* Headers */ = {
			isa = PBXHeadersBuildPhase;
			buildActionMask = 2147483647;
			files = (
				875C8EFE2774BE99008F4FA5 /* HeyQiitaCore.h in Headers */,
			);
			runOnlyForDeploymentPostprocessing = 0;
		};
		875C8F0F2774C1FB008F4FA5 /* Headers */ = {
			isa = PBXHeadersBuildPhase;
			buildActionMask = 2147483647;
			files = (
				875C8F262774C1FB008F4FA5 /* HeyQiitaNetwork.h in Headers */,
			);
			runOnlyForDeploymentPostprocessing = 0;
		};
/* End PBXHeadersBuildPhase section */

/* Begin PBXNativeTarget section */
		875C8EEB2774BE99008F4FA5 /* HeyQiitaCore */ = {
			isa = PBXNativeTarget;
			buildConfigurationList = 875C8F0A2774BE99008F4FA5 /* Build configuration list for PBXNativeTarget "HeyQiitaCore" */;
			buildPhases = (
				875C8EE72774BE99008F4FA5 /* Headers */,
				875C8EE82774BE99008F4FA5 /* Sources */,
				875C8EE92774BE99008F4FA5 /* Frameworks */,
				875C8EEA2774BE99008F4FA5 /* Resources */,
				8788325A2774C78E00B7FBDB /* Embed Frameworks */,
			);
			buildRules = (
			);
			dependencies = (
				878832592774C78E00B7FBDB /* PBXTargetDependency */,
			);
			name = HeyQiitaCore;
			productName = HeyQiitaCore;
			productReference = 875C8EEC2774BE99008F4FA5 /* HeyQiitaCore.framework */;
			productType = "com.apple.product-type.framework";
		};
		875C8EF42774BE99008F4FA5 /* HeyQiitaCoreTests */ = {
			isa = PBXNativeTarget;
			buildConfigurationList = 875C8F0B2774BE99008F4FA5 /* Build configuration list for PBXNativeTarget "HeyQiitaCoreTests" */;
			buildPhases = (
				875C8EF12774BE99008F4FA5 /* Sources */,
				875C8EF22774BE99008F4FA5 /* Frameworks */,
				875C8EF32774BE99008F4FA5 /* Resources */,
			);
			buildRules = (
			);
			dependencies = (
				875C8EF82774BE99008F4FA5 /* PBXTargetDependency */,
				875C8EFA2774BE99008F4FA5 /* PBXTargetDependency */,
			);
			name = HeyQiitaCoreTests;
			productName = HeyQiitaCoreTests;
			productReference = 875C8EF52774BE99008F4FA5 /* HeyQiitaCoreTests.xctest */;
			productType = "com.apple.product-type.bundle.unit-test";
		};
		875C8F132774C1FB008F4FA5 /* HeyQiitaNetwork */ = {
			isa = PBXNativeTarget;
			buildConfigurationList = 875C8F2B2774C1FB008F4FA5 /* Build configuration list for PBXNativeTarget "HeyQiitaNetwork" */;
			buildPhases = (
				875C8F0F2774C1FB008F4FA5 /* Headers */,
				875C8F102774C1FB008F4FA5 /* Sources */,
				875C8F112774C1FB008F4FA5 /* Frameworks */,
				875C8F122774C1FB008F4FA5 /* Resources */,
			);
			buildRules = (
			);
			dependencies = (
			);
			name = HeyQiitaNetwork;
			productName = HeyQiitaNetwork;
			productReference = 875C8F142774C1FB008F4FA5 /* HeyQiitaNetwork.framework */;
			productType = "com.apple.product-type.framework";
		};
		875C8F1C2774C1FB008F4FA5 /* HeyQiitaNetworkTests */ = {
			isa = PBXNativeTarget;
			buildConfigurationList = 875C8F2F2774C1FB008F4FA5 /* Build configuration list for PBXNativeTarget "HeyQiitaNetworkTests" */;
			buildPhases = (
				875C8F192774C1FB008F4FA5 /* Sources */,
				875C8F1A2774C1FB008F4FA5 /* Frameworks */,
				875C8F1B2774C1FB008F4FA5 /* Resources */,
			);
			buildRules = (
			);
			dependencies = (
				875C8F202774C1FB008F4FA5 /* PBXTargetDependency */,
				875C8F222774C1FB008F4FA5 /* PBXTargetDependency */,
			);
			name = HeyQiitaNetworkTests;
			productName = HeyQiitaNetworkTests;
			productReference = 875C8F1D2774C1FB008F4FA5 /* HeyQiitaNetworkTests.xctest */;
			productType = "com.apple.product-type.bundle.unit-test";
		};
		87B8B70C277376000060A5FC /* HeyQiita */ = {
			isa = PBXNativeTarget;
			buildConfigurationList = 87B8B731277376020060A5FC /* Build configuration list for PBXNativeTarget "HeyQiita" */;
			buildPhases = (
				87B8B709277376000060A5FC /* Sources */,
				87B8B70A277376000060A5FC /* Frameworks */,
				87B8B70B277376000060A5FC /* Resources */,
				875C8F032774BE99008F4FA5 /* Embed Frameworks */,
			);
			buildRules = (
			);
			dependencies = (
				875C8F002774BE99008F4FA5 /* PBXTargetDependency */,
			);
			name = HeyQiita;
			productName = HeyQiita;
			productReference = 87B8B70D277376000060A5FC /* HeyQiita.app */;
			productType = "com.apple.product-type.application";
		};
		87B8B71C277376020060A5FC /* HeyQiitaTests */ = {
			isa = PBXNativeTarget;
			buildConfigurationList = 87B8B734277376020060A5FC /* Build configuration list for PBXNativeTarget "HeyQiitaTests" */;
			buildPhases = (
				87B8B719277376020060A5FC /* Sources */,
				87B8B71A277376020060A5FC /* Frameworks */,
				87B8B71B277376020060A5FC /* Resources */,
			);
			buildRules = (
			);
			dependencies = (
				87B8B71F277376020060A5FC /* PBXTargetDependency */,
			);
			name = HeyQiitaTests;
			productName = HeyQiitaTests;
			productReference = 87B8B71D277376020060A5FC /* HeyQiitaTests.xctest */;
			productType = "com.apple.product-type.bundle.unit-test";
		};
		87B8B726277376020060A5FC /* HeyQiitaUITests */ = {
			isa = PBXNativeTarget;
			buildConfigurationList = 87B8B737277376020060A5FC /* Build configuration list for PBXNativeTarget "HeyQiitaUITests" */;
			buildPhases = (
				87B8B723277376020060A5FC /* Sources */,
				87B8B724277376020060A5FC /* Frameworks */,
				87B8B725277376020060A5FC /* Resources */,
			);
			buildRules = (
			);
			dependencies = (
				87B8B729277376020060A5FC /* PBXTargetDependency */,
			);
			name = HeyQiitaUITests;
			productName = HeyQiitaUITests;
			productReference = 87B8B727277376020060A5FC /* HeyQiitaUITests.xctest */;
			productType = "com.apple.product-type.bundle.ui-testing";
		};
/* End PBXNativeTarget section */

/* Begin PBXProject section */
		87B8B705277376000060A5FC /* Project object */ = {
			isa = PBXProject;
			attributes = {
				BuildIndependentTargetsInParallel = 1;
				LastSwiftUpdateCheck = 1310;
				LastUpgradeCheck = 1310;
				TargetAttributes = {
					875C8EEB2774BE99008F4FA5 = {
						CreatedOnToolsVersion = 13.1;
					};
					875C8EF42774BE99008F4FA5 = {
						CreatedOnToolsVersion = 13.1;
						TestTargetID = 87B8B70C277376000060A5FC;
					};
					875C8F132774C1FB008F4FA5 = {
						CreatedOnToolsVersion = 13.1;
					};
					875C8F1C2774C1FB008F4FA5 = {
						CreatedOnToolsVersion = 13.1;
						TestTargetID = 87B8B70C277376000060A5FC;
					};
					87B8B70C277376000060A5FC = {
						CreatedOnToolsVersion = 13.1;
					};
					87B8B71C277376020060A5FC = {
						CreatedOnToolsVersion = 13.1;
						TestTargetID = 87B8B70C277376000060A5FC;
					};
					87B8B726277376020060A5FC = {
						CreatedOnToolsVersion = 13.1;
						TestTargetID = 87B8B70C277376000060A5FC;
					};
				};
			};
			buildConfigurationList = 87B8B708277376000060A5FC /* Build configuration list for PBXProject "HeyQiita" */;
			compatibilityVersion = "Xcode 13.0";
			developmentRegion = en;
			hasScannedForEncodings = 0;
			knownRegions = (
				en,
				Base,
			);
			mainGroup = 87B8B704277376000060A5FC;
			productRefGroup = 87B8B70E277376000060A5FC /* Products */;
			projectDirPath = "";
			projectRoot = "";
			targets = (
				87B8B70C277376000060A5FC /* HeyQiita */,
				87B8B71C277376020060A5FC /* HeyQiitaTests */,
				87B8B726277376020060A5FC /* HeyQiitaUITests */,
				875C8EEB2774BE99008F4FA5 /* HeyQiitaCore */,
				875C8EF42774BE99008F4FA5 /* HeyQiitaCoreTests */,
				875C8F132774C1FB008F4FA5 /* HeyQiitaNetwork */,
				875C8F1C2774C1FB008F4FA5 /* HeyQiitaNetworkTests */,
			);
		};
/* End PBXProject section */

/* Begin PBXResourcesBuildPhase section */
		875C8EEA2774BE99008F4FA5 /* Resources */ = {
			isa = PBXResourcesBuildPhase;
			buildActionMask = 2147483647;
			files = (
			);
			runOnlyForDeploymentPostprocessing = 0;
		};
		875C8EF32774BE99008F4FA5 /* Resources */ = {
			isa = PBXResourcesBuildPhase;
			buildActionMask = 2147483647;
			files = (
			);
			runOnlyForDeploymentPostprocessing = 0;
		};
		875C8F122774C1FB008F4FA5 /* Resources */ = {
			isa = PBXResourcesBuildPhase;
			buildActionMask = 2147483647;
			files = (
			);
			runOnlyForDeploymentPostprocessing = 0;
		};
		875C8F1B2774C1FB008F4FA5 /* Resources */ = {
			isa = PBXResourcesBuildPhase;
			buildActionMask = 2147483647;
			files = (
			);
			runOnlyForDeploymentPostprocessing = 0;
		};
		87B8B70B277376000060A5FC /* Resources */ = {
			isa = PBXResourcesBuildPhase;
			buildActionMask = 2147483647;
			files = (
				8793CF312773778E00A8AB81 /* README.md in Resources */,
				87B8B718277376020060A5FC /* Preview Assets.xcassets in Resources */,
				87B8B715277376020060A5FC /* Assets.xcassets in Resources */,
			);
			runOnlyForDeploymentPostprocessing = 0;
		};
		87B8B71B277376020060A5FC /* Resources */ = {
			isa = PBXResourcesBuildPhase;
			buildActionMask = 2147483647;
			files = (
			);
			runOnlyForDeploymentPostprocessing = 0;
		};
		87B8B725277376020060A5FC /* Resources */ = {
			isa = PBXResourcesBuildPhase;
			buildActionMask = 2147483647;
			files = (
			);
			runOnlyForDeploymentPostprocessing = 0;
		};
/* End PBXResourcesBuildPhase section */

/* Begin PBXSourcesBuildPhase section */
		875C8EE82774BE99008F4FA5 /* Sources */ = {
			isa = PBXSourcesBuildPhase;
			buildActionMask = 2147483647;
			files = (
				875C8EF02774BE99008F4FA5 /* HeyQiitaCore.docc in Sources */,
			);
			runOnlyForDeploymentPostprocessing = 0;
		};
		875C8EF12774BE99008F4FA5 /* Sources */ = {
			isa = PBXSourcesBuildPhase;
			buildActionMask = 2147483647;
			files = (
				875C8EFD2774BE99008F4FA5 /* HeyQiitaCoreTests.swift in Sources */,
			);
			runOnlyForDeploymentPostprocessing = 0;
		};
		875C8F102774C1FB008F4FA5 /* Sources */ = {
			isa = PBXSourcesBuildPhase;
			buildActionMask = 2147483647;
			files = (
				875C8F182774C1FB008F4FA5 /* HeyQiitaNetwork.docc in Sources */,
			);
			runOnlyForDeploymentPostprocessing = 0;
		};
		875C8F192774C1FB008F4FA5 /* Sources */ = {
			isa = PBXSourcesBuildPhase;
			buildActionMask = 2147483647;
			files = (
				875C8F252774C1FB008F4FA5 /* HeyQiitaNetworkTests.swift in Sources */,
			);
			runOnlyForDeploymentPostprocessing = 0;
		};
		87B8B709277376000060A5FC /* Sources */ = {
			isa = PBXSourcesBuildPhase;
			buildActionMask = 2147483647;
			files = (
				87B8B713277376000060A5FC /* ContentView.swift in Sources */,
				87B8B711277376000060A5FC /* HeyQiitaApp.swift in Sources */,
				87836E652789E1FB00842C00 /* AppLogo.swift in Sources */,
			);
			runOnlyForDeploymentPostprocessing = 0;
		};
		87B8B719277376020060A5FC /* Sources */ = {
			isa = PBXSourcesBuildPhase;
			buildActionMask = 2147483647;
			files = (
				87B8B722277376020060A5FC /* HeyQiitaTests.swift in Sources */,
			);
			runOnlyForDeploymentPostprocessing = 0;
		};
		87B8B723277376020060A5FC /* Sources */ = {
			isa = PBXSourcesBuildPhase;
			buildActionMask = 2147483647;
			files = (
				87B8B72E277376020060A5FC /* HeyQiitaUITestsLaunchTests.swift in Sources */,
				87B8B72C277376020060A5FC /* HeyQiitaUITests.swift in Sources */,
			);
			runOnlyForDeploymentPostprocessing = 0;
		};
/* End PBXSourcesBuildPhase section */

/* Begin PBXTargetDependency section */
		875C8EF82774BE99008F4FA5 /* PBXTargetDependency */ = {
			isa = PBXTargetDependency;
			target = 875C8EEB2774BE99008F4FA5 /* HeyQiitaCore */;
			targetProxy = 875C8EF72774BE99008F4FA5 /* PBXContainerItemProxy */;
		};
		875C8EFA2774BE99008F4FA5 /* PBXTargetDependency */ = {
			isa = PBXTargetDependency;
			target = 87B8B70C277376000060A5FC /* HeyQiita */;
			targetProxy = 875C8EF92774BE99008F4FA5 /* PBXContainerItemProxy */;
		};
		875C8F002774BE99008F4FA5 /* PBXTargetDependency */ = {
			isa = PBXTargetDependency;
			target = 875C8EEB2774BE99008F4FA5 /* HeyQiitaCore */;
			targetProxy = 875C8EFF2774BE99008F4FA5 /* PBXContainerItemProxy */;
		};
		875C8F202774C1FB008F4FA5 /* PBXTargetDependency */ = {
			isa = PBXTargetDependency;
			target = 875C8F132774C1FB008F4FA5 /* HeyQiitaNetwork */;
			targetProxy = 875C8F1F2774C1FB008F4FA5 /* PBXContainerItemProxy */;
		};
		875C8F222774C1FB008F4FA5 /* PBXTargetDependency */ = {
			isa = PBXTargetDependency;
			target = 87B8B70C277376000060A5FC /* HeyQiita */;
			targetProxy = 875C8F212774C1FB008F4FA5 /* PBXContainerItemProxy */;
		};
		878832592774C78E00B7FBDB /* PBXTargetDependency */ = {
			isa = PBXTargetDependency;
			target = 875C8F132774C1FB008F4FA5 /* HeyQiitaNetwork */;
			targetProxy = 878832582774C78E00B7FBDB /* PBXContainerItemProxy */;
		};
		87B8B71F277376020060A5FC /* PBXTargetDependency */ = {
			isa = PBXTargetDependency;
			target = 87B8B70C277376000060A5FC /* HeyQiita */;
			targetProxy = 87B8B71E277376020060A5FC /* PBXContainerItemProxy */;
		};
		87B8B729277376020060A5FC /* PBXTargetDependency */ = {
			isa = PBXTargetDependency;
			target = 87B8B70C277376000060A5FC /* HeyQiita */;
			targetProxy = 87B8B728277376020060A5FC /* PBXContainerItemProxy */;
		};
/* End PBXTargetDependency section */

/* Begin XCBuildConfiguration section */
		875C8F042774BE99008F4FA5 /* Debug */ = {
			isa = XCBuildConfiguration;
			buildSettings = {
				CODE_SIGN_STYLE = Automatic;
				CURRENT_PROJECT_VERSION = 1;
				DEFINES_MODULE = YES;
				DYLIB_COMPATIBILITY_VERSION = 1;
				DYLIB_CURRENT_VERSION = 1;
				DYLIB_INSTALL_NAME_BASE = "@rpath";
				GENERATE_INFOPLIST_FILE = YES;
				INFOPLIST_KEY_NSHumanReadableCopyright = "";
				INSTALL_PATH = "$(LOCAL_LIBRARY_DIR)/Frameworks";
				LD_RUNPATH_SEARCH_PATHS = (
					"$(inherited)",
					"@executable_path/Frameworks",
					"@loader_path/Frameworks",
				);
				MARKETING_VERSION = 1.0;
				PRODUCT_BUNDLE_IDENTIFIER = tokyo.ukit.HeyQiitaCore;
				PRODUCT_NAME = "$(TARGET_NAME:c99extidentifier)";
				SKIP_INSTALL = YES;
				SWIFT_EMIT_LOC_STRINGS = YES;
				SWIFT_VERSION = 5.0;
				TARGETED_DEVICE_FAMILY = "1,2";
				VERSIONING_SYSTEM = "apple-generic";
				VERSION_INFO_PREFIX = "";
			};
			name = Debug;
		};
		875C8F052774BE99008F4FA5 /* Stub */ = {
			isa = XCBuildConfiguration;
			buildSettings = {
				CODE_SIGN_STYLE = Automatic;
				CURRENT_PROJECT_VERSION = 1;
				DEFINES_MODULE = YES;
				DYLIB_COMPATIBILITY_VERSION = 1;
				DYLIB_CURRENT_VERSION = 1;
				DYLIB_INSTALL_NAME_BASE = "@rpath";
				GENERATE_INFOPLIST_FILE = YES;
				INFOPLIST_KEY_NSHumanReadableCopyright = "";
				INSTALL_PATH = "$(LOCAL_LIBRARY_DIR)/Frameworks";
				LD_RUNPATH_SEARCH_PATHS = (
					"$(inherited)",
					"@executable_path/Frameworks",
					"@loader_path/Frameworks",
				);
				MARKETING_VERSION = 1.0;
				PRODUCT_BUNDLE_IDENTIFIER = tokyo.ukit.HeyQiitaCore;
				PRODUCT_NAME = "$(TARGET_NAME:c99extidentifier)";
				SKIP_INSTALL = YES;
				SWIFT_EMIT_LOC_STRINGS = YES;
				SWIFT_VERSION = 5.0;
				TARGETED_DEVICE_FAMILY = "1,2";
				VERSIONING_SYSTEM = "apple-generic";
				VERSION_INFO_PREFIX = "";
			};
			name = Stub;
		};
		875C8F062774BE99008F4FA5 /* Release */ = {
			isa = XCBuildConfiguration;
			buildSettings = {
				CODE_SIGN_STYLE = Automatic;
				CURRENT_PROJECT_VERSION = 1;
				DEFINES_MODULE = YES;
				DYLIB_COMPATIBILITY_VERSION = 1;
				DYLIB_CURRENT_VERSION = 1;
				DYLIB_INSTALL_NAME_BASE = "@rpath";
				GENERATE_INFOPLIST_FILE = YES;
				INFOPLIST_KEY_NSHumanReadableCopyright = "";
				INSTALL_PATH = "$(LOCAL_LIBRARY_DIR)/Frameworks";
				LD_RUNPATH_SEARCH_PATHS = (
					"$(inherited)",
					"@executable_path/Frameworks",
					"@loader_path/Frameworks",
				);
				MARKETING_VERSION = 1.0;
				PRODUCT_BUNDLE_IDENTIFIER = tokyo.ukit.HeyQiitaCore;
				PRODUCT_NAME = "$(TARGET_NAME:c99extidentifier)";
				SKIP_INSTALL = YES;
				SWIFT_EMIT_LOC_STRINGS = YES;
				SWIFT_VERSION = 5.0;
				TARGETED_DEVICE_FAMILY = "1,2";
				VERSIONING_SYSTEM = "apple-generic";
				VERSION_INFO_PREFIX = "";
			};
			name = Release;
		};
		875C8F072774BE99008F4FA5 /* Debug */ = {
			isa = XCBuildConfiguration;
			buildSettings = {
				CODE_SIGN_STYLE = Automatic;
				CURRENT_PROJECT_VERSION = 1;
				GENERATE_INFOPLIST_FILE = YES;
				LD_RUNPATH_SEARCH_PATHS = (
					"$(inherited)",
					"@executable_path/Frameworks",
					"@loader_path/Frameworks",
				);
				MARKETING_VERSION = 1.0;
				PRODUCT_BUNDLE_IDENTIFIER = tokyo.ukit.HeyQiitaCoreTests;
				PRODUCT_NAME = "$(TARGET_NAME)";
				SWIFT_EMIT_LOC_STRINGS = NO;
				SWIFT_VERSION = 5.0;
				TARGETED_DEVICE_FAMILY = "1,2";
				TEST_HOST = "$(BUILT_PRODUCTS_DIR)/HeyQiita.app/HeyQiita";
			};
			name = Debug;
		};
		875C8F082774BE99008F4FA5 /* Stub */ = {
			isa = XCBuildConfiguration;
			buildSettings = {
				CODE_SIGN_STYLE = Automatic;
				CURRENT_PROJECT_VERSION = 1;
				GENERATE_INFOPLIST_FILE = YES;
				LD_RUNPATH_SEARCH_PATHS = (
					"$(inherited)",
					"@executable_path/Frameworks",
					"@loader_path/Frameworks",
				);
				MARKETING_VERSION = 1.0;
				PRODUCT_BUNDLE_IDENTIFIER = tokyo.ukit.HeyQiitaCoreTests;
				PRODUCT_NAME = "$(TARGET_NAME)";
				SWIFT_EMIT_LOC_STRINGS = NO;
				SWIFT_VERSION = 5.0;
				TARGETED_DEVICE_FAMILY = "1,2";
				TEST_HOST = "$(BUILT_PRODUCTS_DIR)/HeyQiita.app/HeyQiita";
			};
			name = Stub;
		};
		875C8F092774BE99008F4FA5 /* Release */ = {
			isa = XCBuildConfiguration;
			buildSettings = {
				CODE_SIGN_STYLE = Automatic;
				CURRENT_PROJECT_VERSION = 1;
				GENERATE_INFOPLIST_FILE = YES;
				LD_RUNPATH_SEARCH_PATHS = (
					"$(inherited)",
					"@executable_path/Frameworks",
					"@loader_path/Frameworks",
				);
				MARKETING_VERSION = 1.0;
				PRODUCT_BUNDLE_IDENTIFIER = tokyo.ukit.HeyQiitaCoreTests;
				PRODUCT_NAME = "$(TARGET_NAME)";
				SWIFT_EMIT_LOC_STRINGS = NO;
				SWIFT_VERSION = 5.0;
				TARGETED_DEVICE_FAMILY = "1,2";
				TEST_HOST = "$(BUILT_PRODUCTS_DIR)/HeyQiita.app/HeyQiita";
			};
			name = Release;
		};
		875C8F2C2774C1FB008F4FA5 /* Debug */ = {
			isa = XCBuildConfiguration;
			buildSettings = {
				CODE_SIGN_STYLE = Automatic;
				CURRENT_PROJECT_VERSION = 1;
				DEFINES_MODULE = YES;
				DYLIB_COMPATIBILITY_VERSION = 1;
				DYLIB_CURRENT_VERSION = 1;
				DYLIB_INSTALL_NAME_BASE = "@rpath";
				GENERATE_INFOPLIST_FILE = YES;
				INFOPLIST_KEY_NSHumanReadableCopyright = "";
				INSTALL_PATH = "$(LOCAL_LIBRARY_DIR)/Frameworks";
				LD_RUNPATH_SEARCH_PATHS = (
					"$(inherited)",
					"@executable_path/Frameworks",
					"@loader_path/Frameworks",
				);
				MARKETING_VERSION = 1.0;
				PRODUCT_BUNDLE_IDENTIFIER = tokyo.ukit.HeyQiitaNetwork;
				PRODUCT_NAME = "$(TARGET_NAME:c99extidentifier)";
				SKIP_INSTALL = YES;
				SWIFT_EMIT_LOC_STRINGS = YES;
				SWIFT_VERSION = 5.0;
				TARGETED_DEVICE_FAMILY = "1,2";
				VERSIONING_SYSTEM = "apple-generic";
				VERSION_INFO_PREFIX = "";
			};
			name = Debug;
		};
		875C8F2D2774C1FB008F4FA5 /* Stub */ = {
			isa = XCBuildConfiguration;
			buildSettings = {
				CODE_SIGN_STYLE = Automatic;
				CURRENT_PROJECT_VERSION = 1;
				DEFINES_MODULE = YES;
				DYLIB_COMPATIBILITY_VERSION = 1;
				DYLIB_CURRENT_VERSION = 1;
				DYLIB_INSTALL_NAME_BASE = "@rpath";
				GENERATE_INFOPLIST_FILE = YES;
				INFOPLIST_KEY_NSHumanReadableCopyright = "";
				INSTALL_PATH = "$(LOCAL_LIBRARY_DIR)/Frameworks";
				LD_RUNPATH_SEARCH_PATHS = (
					"$(inherited)",
					"@executable_path/Frameworks",
					"@loader_path/Frameworks",
				);
				MARKETING_VERSION = 1.0;
				PRODUCT_BUNDLE_IDENTIFIER = tokyo.ukit.HeyQiitaNetwork;
				PRODUCT_NAME = "$(TARGET_NAME:c99extidentifier)";
				SKIP_INSTALL = YES;
				SWIFT_EMIT_LOC_STRINGS = YES;
				SWIFT_VERSION = 5.0;
				TARGETED_DEVICE_FAMILY = "1,2";
				VERSIONING_SYSTEM = "apple-generic";
				VERSION_INFO_PREFIX = "";
			};
			name = Stub;
		};
		875C8F2E2774C1FB008F4FA5 /* Release */ = {
			isa = XCBuildConfiguration;
			buildSettings = {
				CODE_SIGN_STYLE = Automatic;
				CURRENT_PROJECT_VERSION = 1;
				DEFINES_MODULE = YES;
				DYLIB_COMPATIBILITY_VERSION = 1;
				DYLIB_CURRENT_VERSION = 1;
				DYLIB_INSTALL_NAME_BASE = "@rpath";
				GENERATE_INFOPLIST_FILE = YES;
				INFOPLIST_KEY_NSHumanReadableCopyright = "";
				INSTALL_PATH = "$(LOCAL_LIBRARY_DIR)/Frameworks";
				LD_RUNPATH_SEARCH_PATHS = (
					"$(inherited)",
					"@executable_path/Frameworks",
					"@loader_path/Frameworks",
				);
				MARKETING_VERSION = 1.0;
				PRODUCT_BUNDLE_IDENTIFIER = tokyo.ukit.HeyQiitaNetwork;
				PRODUCT_NAME = "$(TARGET_NAME:c99extidentifier)";
				SKIP_INSTALL = YES;
				SWIFT_EMIT_LOC_STRINGS = YES;
				SWIFT_VERSION = 5.0;
				TARGETED_DEVICE_FAMILY = "1,2";
				VERSIONING_SYSTEM = "apple-generic";
				VERSION_INFO_PREFIX = "";
			};
			name = Release;
		};
		875C8F302774C1FB008F4FA5 /* Debug */ = {
			isa = XCBuildConfiguration;
			buildSettings = {
				CODE_SIGN_STYLE = Automatic;
				CURRENT_PROJECT_VERSION = 1;
				GENERATE_INFOPLIST_FILE = YES;
				LD_RUNPATH_SEARCH_PATHS = (
					"$(inherited)",
					"@executable_path/Frameworks",
					"@loader_path/Frameworks",
				);
				MARKETING_VERSION = 1.0;
				PRODUCT_BUNDLE_IDENTIFIER = tokyo.ukit.HeyQiitaNetworkTests;
				PRODUCT_NAME = "$(TARGET_NAME)";
				SWIFT_EMIT_LOC_STRINGS = NO;
				SWIFT_VERSION = 5.0;
				TARGETED_DEVICE_FAMILY = "1,2";
				TEST_HOST = "$(BUILT_PRODUCTS_DIR)/HeyQiita.app/HeyQiita";
			};
			name = Debug;
		};
		875C8F312774C1FB008F4FA5 /* Stub */ = {
			isa = XCBuildConfiguration;
			buildSettings = {
				CODE_SIGN_STYLE = Automatic;
				CURRENT_PROJECT_VERSION = 1;
				GENERATE_INFOPLIST_FILE = YES;
				LD_RUNPATH_SEARCH_PATHS = (
					"$(inherited)",
					"@executable_path/Frameworks",
					"@loader_path/Frameworks",
				);
				MARKETING_VERSION = 1.0;
				PRODUCT_BUNDLE_IDENTIFIER = tokyo.ukit.HeyQiitaNetworkTests;
				PRODUCT_NAME = "$(TARGET_NAME)";
				SWIFT_EMIT_LOC_STRINGS = NO;
				SWIFT_VERSION = 5.0;
				TARGETED_DEVICE_FAMILY = "1,2";
				TEST_HOST = "$(BUILT_PRODUCTS_DIR)/HeyQiita.app/HeyQiita";
			};
			name = Stub;
		};
		875C8F322774C1FB008F4FA5 /* Release */ = {
			isa = XCBuildConfiguration;
			buildSettings = {
				CODE_SIGN_STYLE = Automatic;
				CURRENT_PROJECT_VERSION = 1;
				GENERATE_INFOPLIST_FILE = YES;
				LD_RUNPATH_SEARCH_PATHS = (
					"$(inherited)",
					"@executable_path/Frameworks",
					"@loader_path/Frameworks",
				);
				MARKETING_VERSION = 1.0;
				PRODUCT_BUNDLE_IDENTIFIER = tokyo.ukit.HeyQiitaNetworkTests;
				PRODUCT_NAME = "$(TARGET_NAME)";
				SWIFT_EMIT_LOC_STRINGS = NO;
				SWIFT_VERSION = 5.0;
				TARGETED_DEVICE_FAMILY = "1,2";
				TEST_HOST = "$(BUILT_PRODUCTS_DIR)/HeyQiita.app/HeyQiita";
			};
			name = Release;
		};
		8793CF32277377E500A8AB81 /* Stub */ = {
			isa = XCBuildConfiguration;
			buildSettings = {
				ALWAYS_SEARCH_USER_PATHS = NO;
				CLANG_ANALYZER_NONNULL = YES;
				CLANG_ANALYZER_NUMBER_OBJECT_CONVERSION = YES_AGGRESSIVE;
				CLANG_CXX_LANGUAGE_STANDARD = "gnu++17";
				CLANG_CXX_LIBRARY = "libc++";
				CLANG_ENABLE_MODULES = YES;
				CLANG_ENABLE_OBJC_ARC = YES;
				CLANG_ENABLE_OBJC_WEAK = YES;
				CLANG_WARN_BLOCK_CAPTURE_AUTORELEASING = YES;
				CLANG_WARN_BOOL_CONVERSION = YES;
				CLANG_WARN_COMMA = YES;
				CLANG_WARN_CONSTANT_CONVERSION = YES;
				CLANG_WARN_DEPRECATED_OBJC_IMPLEMENTATIONS = YES;
				CLANG_WARN_DIRECT_OBJC_ISA_USAGE = YES_ERROR;
				CLANG_WARN_DOCUMENTATION_COMMENTS = YES;
				CLANG_WARN_EMPTY_BODY = YES;
				CLANG_WARN_ENUM_CONVERSION = YES;
				CLANG_WARN_INFINITE_RECURSION = YES;
				CLANG_WARN_INT_CONVERSION = YES;
				CLANG_WARN_NON_LITERAL_NULL_CONVERSION = YES;
				CLANG_WARN_OBJC_IMPLICIT_RETAIN_SELF = YES;
				CLANG_WARN_OBJC_LITERAL_CONVERSION = YES;
				CLANG_WARN_OBJC_ROOT_CLASS = YES_ERROR;
				CLANG_WARN_QUOTED_INCLUDE_IN_FRAMEWORK_HEADER = YES;
				CLANG_WARN_RANGE_LOOP_ANALYSIS = YES;
				CLANG_WARN_STRICT_PROTOTYPES = YES;
				CLANG_WARN_SUSPICIOUS_MOVE = YES;
				CLANG_WARN_UNGUARDED_AVAILABILITY = YES_AGGRESSIVE;
				CLANG_WARN_UNREACHABLE_CODE = YES;
				CLANG_WARN__DUPLICATE_METHOD_MATCH = YES;
				COPY_PHASE_STRIP = NO;
				DEBUG_INFORMATION_FORMAT = dwarf;
				ENABLE_STRICT_OBJC_MSGSEND = YES;
				ENABLE_TESTABILITY = YES;
				GCC_C_LANGUAGE_STANDARD = gnu11;
				GCC_DYNAMIC_NO_PIC = NO;
				GCC_NO_COMMON_BLOCKS = YES;
				GCC_OPTIMIZATION_LEVEL = 0;
				GCC_PREPROCESSOR_DEFINITIONS = (
					"STUB=1",
					"$(inherited)",
				);
				GCC_WARN_64_TO_32_BIT_CONVERSION = YES;
				GCC_WARN_ABOUT_RETURN_TYPE = YES_ERROR;
				GCC_WARN_UNDECLARED_SELECTOR = YES;
				GCC_WARN_UNINITIALIZED_AUTOS = YES_AGGRESSIVE;
				GCC_WARN_UNUSED_FUNCTION = YES;
				GCC_WARN_UNUSED_VARIABLE = YES;
				IPHONEOS_DEPLOYMENT_TARGET = 15.0;
				MTL_ENABLE_DEBUG_INFO = INCLUDE_SOURCE;
				MTL_FAST_MATH = YES;
				ONLY_ACTIVE_ARCH = YES;
				OTHER_SWIFT_FLAGS = "-D STUB";
				SDKROOT = iphoneos;
				SWIFT_ACTIVE_COMPILATION_CONDITIONS = STUB;
				SWIFT_OPTIMIZATION_LEVEL = "-Onone";
			};
			name = Stub;
		};
		8793CF33277377E500A8AB81 /* Stub */ = {
			isa = XCBuildConfiguration;
			buildSettings = {
				ASSETCATALOG_COMPILER_APPICON_NAME = AppIcon;
				ASSETCATALOG_COMPILER_GLOBAL_ACCENT_COLOR_NAME = AccentColor;
				CODE_SIGN_STYLE = Automatic;
				CURRENT_PROJECT_VERSION = 1;
				DEVELOPMENT_ASSET_PATHS = "\"HeyQiita/Preview Content\"";
				ENABLE_PREVIEWS = YES;
				GENERATE_INFOPLIST_FILE = YES;
				INFOPLIST_KEY_UIApplicationSceneManifest_Generation = YES;
				INFOPLIST_KEY_UIApplicationSupportsIndirectInputEvents = YES;
				INFOPLIST_KEY_UILaunchScreen_Generation = YES;
				INFOPLIST_KEY_UISupportedInterfaceOrientations_iPad = "UIInterfaceOrientationPortrait UIInterfaceOrientationPortraitUpsideDown UIInterfaceOrientationLandscapeLeft UIInterfaceOrientationLandscapeRight";
				INFOPLIST_KEY_UISupportedInterfaceOrientations_iPhone = "UIInterfaceOrientationPortrait UIInterfaceOrientationLandscapeLeft UIInterfaceOrientationLandscapeRight";
				LD_RUNPATH_SEARCH_PATHS = (
					"$(inherited)",
					"@executable_path/Frameworks",
				);
				MARKETING_VERSION = 1.0;
				PRODUCT_BUNDLE_IDENTIFIER = tokyo.ukit.HeyQiita;
				PRODUCT_NAME = "$(TARGET_NAME)";
				SWIFT_EMIT_LOC_STRINGS = YES;
				SWIFT_VERSION = 5.0;
				TARGETED_DEVICE_FAMILY = "1,2";
			};
			name = Stub;
		};
		8793CF34277377E500A8AB81 /* Stub */ = {
			isa = XCBuildConfiguration;
			buildSettings = {
				ALWAYS_EMBED_SWIFT_STANDARD_LIBRARIES = YES;
				BUNDLE_LOADER = "$(TEST_HOST)";
				CODE_SIGN_STYLE = Automatic;
				CURRENT_PROJECT_VERSION = 1;
				GENERATE_INFOPLIST_FILE = YES;
				IPHONEOS_DEPLOYMENT_TARGET = 15.0;
				LD_RUNPATH_SEARCH_PATHS = (
					"$(inherited)",
					"@executable_path/Frameworks",
					"@loader_path/Frameworks",
				);
				MARKETING_VERSION = 1.0;
				PRODUCT_BUNDLE_IDENTIFIER = tokyo.ukit.HeyQiitaTests;
				PRODUCT_NAME = "$(TARGET_NAME)";
				SWIFT_EMIT_LOC_STRINGS = NO;
				SWIFT_VERSION = 5.0;
				TARGETED_DEVICE_FAMILY = "1,2";
				TEST_HOST = "$(BUILT_PRODUCTS_DIR)/HeyQiita.app/HeyQiita";
			};
			name = Stub;
		};
		8793CF35277377E500A8AB81 /* Stub */ = {
			isa = XCBuildConfiguration;
			buildSettings = {
				ALWAYS_EMBED_SWIFT_STANDARD_LIBRARIES = YES;
				CODE_SIGN_STYLE = Automatic;
				CURRENT_PROJECT_VERSION = 1;
				GENERATE_INFOPLIST_FILE = YES;
				LD_RUNPATH_SEARCH_PATHS = (
					"$(inherited)",
					"@executable_path/Frameworks",
					"@loader_path/Frameworks",
				);
				MARKETING_VERSION = 1.0;
				PRODUCT_BUNDLE_IDENTIFIER = tokyo.ukit.HeyQiitaUITests;
				PRODUCT_NAME = "$(TARGET_NAME)";
				SWIFT_EMIT_LOC_STRINGS = NO;
				SWIFT_VERSION = 5.0;
				TARGETED_DEVICE_FAMILY = "1,2";
				TEST_TARGET_NAME = HeyQiita;
			};
			name = Stub;
		};
		87B8B72F277376020060A5FC /* Debug */ = {
			isa = XCBuildConfiguration;
			buildSettings = {
				ALWAYS_SEARCH_USER_PATHS = NO;
				CLANG_ANALYZER_NONNULL = YES;
				CLANG_ANALYZER_NUMBER_OBJECT_CONVERSION = YES_AGGRESSIVE;
				CLANG_CXX_LANGUAGE_STANDARD = "gnu++17";
				CLANG_CXX_LIBRARY = "libc++";
				CLANG_ENABLE_MODULES = YES;
				CLANG_ENABLE_OBJC_ARC = YES;
				CLANG_ENABLE_OBJC_WEAK = YES;
				CLANG_WARN_BLOCK_CAPTURE_AUTORELEASING = YES;
				CLANG_WARN_BOOL_CONVERSION = YES;
				CLANG_WARN_COMMA = YES;
				CLANG_WARN_CONSTANT_CONVERSION = YES;
				CLANG_WARN_DEPRECATED_OBJC_IMPLEMENTATIONS = YES;
				CLANG_WARN_DIRECT_OBJC_ISA_USAGE = YES_ERROR;
				CLANG_WARN_DOCUMENTATION_COMMENTS = YES;
				CLANG_WARN_EMPTY_BODY = YES;
				CLANG_WARN_ENUM_CONVERSION = YES;
				CLANG_WARN_INFINITE_RECURSION = YES;
				CLANG_WARN_INT_CONVERSION = YES;
				CLANG_WARN_NON_LITERAL_NULL_CONVERSION = YES;
				CLANG_WARN_OBJC_IMPLICIT_RETAIN_SELF = YES;
				CLANG_WARN_OBJC_LITERAL_CONVERSION = YES;
				CLANG_WARN_OBJC_ROOT_CLASS = YES_ERROR;
				CLANG_WARN_QUOTED_INCLUDE_IN_FRAMEWORK_HEADER = YES;
				CLANG_WARN_RANGE_LOOP_ANALYSIS = YES;
				CLANG_WARN_STRICT_PROTOTYPES = YES;
				CLANG_WARN_SUSPICIOUS_MOVE = YES;
				CLANG_WARN_UNGUARDED_AVAILABILITY = YES_AGGRESSIVE;
				CLANG_WARN_UNREACHABLE_CODE = YES;
				CLANG_WARN__DUPLICATE_METHOD_MATCH = YES;
				COPY_PHASE_STRIP = NO;
				DEBUG_INFORMATION_FORMAT = dwarf;
				ENABLE_STRICT_OBJC_MSGSEND = YES;
				ENABLE_TESTABILITY = YES;
				GCC_C_LANGUAGE_STANDARD = gnu11;
				GCC_DYNAMIC_NO_PIC = NO;
				GCC_NO_COMMON_BLOCKS = YES;
				GCC_OPTIMIZATION_LEVEL = 0;
				GCC_PREPROCESSOR_DEFINITIONS = (
					"DEBUG=1",
					"$(inherited)",
				);
				GCC_WARN_64_TO_32_BIT_CONVERSION = YES;
				GCC_WARN_ABOUT_RETURN_TYPE = YES_ERROR;
				GCC_WARN_UNDECLARED_SELECTOR = YES;
				GCC_WARN_UNINITIALIZED_AUTOS = YES_AGGRESSIVE;
				GCC_WARN_UNUSED_FUNCTION = YES;
				GCC_WARN_UNUSED_VARIABLE = YES;
				IPHONEOS_DEPLOYMENT_TARGET = 15.0;
				MTL_ENABLE_DEBUG_INFO = INCLUDE_SOURCE;
				MTL_FAST_MATH = YES;
				ONLY_ACTIVE_ARCH = YES;
				OTHER_SWIFT_FLAGS = "-D DEBUG";
				SDKROOT = iphoneos;
				SWIFT_ACTIVE_COMPILATION_CONDITIONS = DEBUG;
				SWIFT_OPTIMIZATION_LEVEL = "-Onone";
			};
			name = Debug;
		};
		87B8B730277376020060A5FC /* Release */ = {
			isa = XCBuildConfiguration;
			buildSettings = {
				ALWAYS_SEARCH_USER_PATHS = NO;
				CLANG_ANALYZER_NONNULL = YES;
				CLANG_ANALYZER_NUMBER_OBJECT_CONVERSION = YES_AGGRESSIVE;
				CLANG_CXX_LANGUAGE_STANDARD = "gnu++17";
				CLANG_CXX_LIBRARY = "libc++";
				CLANG_ENABLE_MODULES = YES;
				CLANG_ENABLE_OBJC_ARC = YES;
				CLANG_ENABLE_OBJC_WEAK = YES;
				CLANG_WARN_BLOCK_CAPTURE_AUTORELEASING = YES;
				CLANG_WARN_BOOL_CONVERSION = YES;
				CLANG_WARN_COMMA = YES;
				CLANG_WARN_CONSTANT_CONVERSION = YES;
				CLANG_WARN_DEPRECATED_OBJC_IMPLEMENTATIONS = YES;
				CLANG_WARN_DIRECT_OBJC_ISA_USAGE = YES_ERROR;
				CLANG_WARN_DOCUMENTATION_COMMENTS = YES;
				CLANG_WARN_EMPTY_BODY = YES;
				CLANG_WARN_ENUM_CONVERSION = YES;
				CLANG_WARN_INFINITE_RECURSION = YES;
				CLANG_WARN_INT_CONVERSION = YES;
				CLANG_WARN_NON_LITERAL_NULL_CONVERSION = YES;
				CLANG_WARN_OBJC_IMPLICIT_RETAIN_SELF = YES;
				CLANG_WARN_OBJC_LITERAL_CONVERSION = YES;
				CLANG_WARN_OBJC_ROOT_CLASS = YES_ERROR;
				CLANG_WARN_QUOTED_INCLUDE_IN_FRAMEWORK_HEADER = YES;
				CLANG_WARN_RANGE_LOOP_ANALYSIS = YES;
				CLANG_WARN_STRICT_PROTOTYPES = YES;
				CLANG_WARN_SUSPICIOUS_MOVE = YES;
				CLANG_WARN_UNGUARDED_AVAILABILITY = YES_AGGRESSIVE;
				CLANG_WARN_UNREACHABLE_CODE = YES;
				CLANG_WARN__DUPLICATE_METHOD_MATCH = YES;
				COPY_PHASE_STRIP = NO;
				DEBUG_INFORMATION_FORMAT = "dwarf-with-dsym";
				ENABLE_NS_ASSERTIONS = NO;
				ENABLE_STRICT_OBJC_MSGSEND = YES;
				GCC_C_LANGUAGE_STANDARD = gnu11;
				GCC_NO_COMMON_BLOCKS = YES;
				GCC_WARN_64_TO_32_BIT_CONVERSION = YES;
				GCC_WARN_ABOUT_RETURN_TYPE = YES_ERROR;
				GCC_WARN_UNDECLARED_SELECTOR = YES;
				GCC_WARN_UNINITIALIZED_AUTOS = YES_AGGRESSIVE;
				GCC_WARN_UNUSED_FUNCTION = YES;
				GCC_WARN_UNUSED_VARIABLE = YES;
				IPHONEOS_DEPLOYMENT_TARGET = 15.0;
				MTL_ENABLE_DEBUG_INFO = NO;
				MTL_FAST_MATH = YES;
				SDKROOT = iphoneos;
				SWIFT_COMPILATION_MODE = wholemodule;
				SWIFT_OPTIMIZATION_LEVEL = "-O";
				VALIDATE_PRODUCT = YES;
			};
			name = Release;
		};
		87B8B732277376020060A5FC /* Debug */ = {
			isa = XCBuildConfiguration;
			buildSettings = {
				ASSETCATALOG_COMPILER_APPICON_NAME = AppIcon;
				ASSETCATALOG_COMPILER_GLOBAL_ACCENT_COLOR_NAME = AccentColor;
				CODE_SIGN_STYLE = Automatic;
				CURRENT_PROJECT_VERSION = 1;
				DEVELOPMENT_ASSET_PATHS = "\"HeyQiita/Preview Content\"";
				ENABLE_PREVIEWS = YES;
				GENERATE_INFOPLIST_FILE = YES;
				INFOPLIST_KEY_UIApplicationSceneManifest_Generation = YES;
				INFOPLIST_KEY_UIApplicationSupportsIndirectInputEvents = YES;
				INFOPLIST_KEY_UILaunchScreen_Generation = YES;
				INFOPLIST_KEY_UISupportedInterfaceOrientations_iPad = "UIInterfaceOrientationPortrait UIInterfaceOrientationPortraitUpsideDown UIInterfaceOrientationLandscapeLeft UIInterfaceOrientationLandscapeRight";
				INFOPLIST_KEY_UISupportedInterfaceOrientations_iPhone = "UIInterfaceOrientationPortrait UIInterfaceOrientationLandscapeLeft UIInterfaceOrientationLandscapeRight";
				LD_RUNPATH_SEARCH_PATHS = (
					"$(inherited)",
					"@executable_path/Frameworks",
				);
				MARKETING_VERSION = 1.0;
				PRODUCT_BUNDLE_IDENTIFIER = tokyo.ukit.HeyQiita;
				PRODUCT_NAME = "$(TARGET_NAME)";
				SWIFT_EMIT_LOC_STRINGS = YES;
				SWIFT_VERSION = 5.0;
				TARGETED_DEVICE_FAMILY = "1,2";
			};
			name = Debug;
		};
		87B8B733277376020060A5FC /* Release */ = {
			isa = XCBuildConfiguration;
			buildSettings = {
				ASSETCATALOG_COMPILER_APPICON_NAME = AppIcon;
				ASSETCATALOG_COMPILER_GLOBAL_ACCENT_COLOR_NAME = AccentColor;
				CODE_SIGN_STYLE = Automatic;
				CURRENT_PROJECT_VERSION = 1;
				DEVELOPMENT_ASSET_PATHS = "\"HeyQiita/Preview Content\"";
				ENABLE_PREVIEWS = YES;
				GENERATE_INFOPLIST_FILE = YES;
				INFOPLIST_KEY_UIApplicationSceneManifest_Generation = YES;
				INFOPLIST_KEY_UIApplicationSupportsIndirectInputEvents = YES;
				INFOPLIST_KEY_UILaunchScreen_Generation = YES;
				INFOPLIST_KEY_UISupportedInterfaceOrientations_iPad = "UIInterfaceOrientationPortrait UIInterfaceOrientationPortraitUpsideDown UIInterfaceOrientationLandscapeLeft UIInterfaceOrientationLandscapeRight";
				INFOPLIST_KEY_UISupportedInterfaceOrientations_iPhone = "UIInterfaceOrientationPortrait UIInterfaceOrientationLandscapeLeft UIInterfaceOrientationLandscapeRight";
				LD_RUNPATH_SEARCH_PATHS = (
					"$(inherited)",
					"@executable_path/Frameworks",
				);
				MARKETING_VERSION = 1.0;
				PRODUCT_BUNDLE_IDENTIFIER = tokyo.ukit.HeyQiita;
				PRODUCT_NAME = "$(TARGET_NAME)";
				SWIFT_EMIT_LOC_STRINGS = YES;
				SWIFT_VERSION = 5.0;
				TARGETED_DEVICE_FAMILY = "1,2";
			};
			name = Release;
		};
		87B8B735277376020060A5FC /* Debug */ = {
			isa = XCBuildConfiguration;
			buildSettings = {
				ALWAYS_EMBED_SWIFT_STANDARD_LIBRARIES = YES;
				BUNDLE_LOADER = "$(TEST_HOST)";
				CODE_SIGN_STYLE = Automatic;
				CURRENT_PROJECT_VERSION = 1;
				GENERATE_INFOPLIST_FILE = YES;
				IPHONEOS_DEPLOYMENT_TARGET = 15.0;
				LD_RUNPATH_SEARCH_PATHS = (
					"$(inherited)",
					"@executable_path/Frameworks",
					"@loader_path/Frameworks",
				);
				MARKETING_VERSION = 1.0;
				PRODUCT_BUNDLE_IDENTIFIER = tokyo.ukit.HeyQiitaTests;
				PRODUCT_NAME = "$(TARGET_NAME)";
				SWIFT_EMIT_LOC_STRINGS = NO;
				SWIFT_VERSION = 5.0;
				TARGETED_DEVICE_FAMILY = "1,2";
				TEST_HOST = "$(BUILT_PRODUCTS_DIR)/HeyQiita.app/HeyQiita";
			};
			name = Debug;
		};
		87B8B736277376020060A5FC /* Release */ = {
			isa = XCBuildConfiguration;
			buildSettings = {
				ALWAYS_EMBED_SWIFT_STANDARD_LIBRARIES = YES;
				BUNDLE_LOADER = "$(TEST_HOST)";
				CODE_SIGN_STYLE = Automatic;
				CURRENT_PROJECT_VERSION = 1;
				GENERATE_INFOPLIST_FILE = YES;
				IPHONEOS_DEPLOYMENT_TARGET = 15.0;
				LD_RUNPATH_SEARCH_PATHS = (
					"$(inherited)",
					"@executable_path/Frameworks",
					"@loader_path/Frameworks",
				);
				MARKETING_VERSION = 1.0;
				PRODUCT_BUNDLE_IDENTIFIER = tokyo.ukit.HeyQiitaTests;
				PRODUCT_NAME = "$(TARGET_NAME)";
				SWIFT_EMIT_LOC_STRINGS = NO;
				SWIFT_VERSION = 5.0;
				TARGETED_DEVICE_FAMILY = "1,2";
				TEST_HOST = "$(BUILT_PRODUCTS_DIR)/HeyQiita.app/HeyQiita";
			};
			name = Release;
		};
		87B8B738277376020060A5FC /* Debug */ = {
			isa = XCBuildConfiguration;
			buildSettings = {
				ALWAYS_EMBED_SWIFT_STANDARD_LIBRARIES = YES;
				CODE_SIGN_STYLE = Automatic;
				CURRENT_PROJECT_VERSION = 1;
				GENERATE_INFOPLIST_FILE = YES;
				LD_RUNPATH_SEARCH_PATHS = (
					"$(inherited)",
					"@executable_path/Frameworks",
					"@loader_path/Frameworks",
				);
				MARKETING_VERSION = 1.0;
				PRODUCT_BUNDLE_IDENTIFIER = tokyo.ukit.HeyQiitaUITests;
				PRODUCT_NAME = "$(TARGET_NAME)";
				SWIFT_EMIT_LOC_STRINGS = NO;
				SWIFT_VERSION = 5.0;
				TARGETED_DEVICE_FAMILY = "1,2";
				TEST_TARGET_NAME = HeyQiita;
			};
			name = Debug;
		};
		87B8B739277376020060A5FC /* Release */ = {
			isa = XCBuildConfiguration;
			buildSettings = {
				ALWAYS_EMBED_SWIFT_STANDARD_LIBRARIES = YES;
				CODE_SIGN_STYLE = Automatic;
				CURRENT_PROJECT_VERSION = 1;
				GENERATE_INFOPLIST_FILE = YES;
				LD_RUNPATH_SEARCH_PATHS = (
					"$(inherited)",
					"@executable_path/Frameworks",
					"@loader_path/Frameworks",
				);
				MARKETING_VERSION = 1.0;
				PRODUCT_BUNDLE_IDENTIFIER = tokyo.ukit.HeyQiitaUITests;
				PRODUCT_NAME = "$(TARGET_NAME)";
				SWIFT_EMIT_LOC_STRINGS = NO;
				SWIFT_VERSION = 5.0;
				TARGETED_DEVICE_FAMILY = "1,2";
				TEST_TARGET_NAME = HeyQiita;
			};
			name = Release;
		};
/* End XCBuildConfiguration section */

/* Begin XCConfigurationList section */
		875C8F0A2774BE99008F4FA5 /* Build configuration list for PBXNativeTarget "HeyQiitaCore" */ = {
			isa = XCConfigurationList;
			buildConfigurations = (
				875C8F042774BE99008F4FA5 /* Debug */,
				875C8F052774BE99008F4FA5 /* Stub */,
				875C8F062774BE99008F4FA5 /* Release */,
			);
			defaultConfigurationIsVisible = 0;
			defaultConfigurationName = Release;
		};
		875C8F0B2774BE99008F4FA5 /* Build configuration list for PBXNativeTarget "HeyQiitaCoreTests" */ = {
			isa = XCConfigurationList;
			buildConfigurations = (
				875C8F072774BE99008F4FA5 /* Debug */,
				875C8F082774BE99008F4FA5 /* Stub */,
				875C8F092774BE99008F4FA5 /* Release */,
			);
			defaultConfigurationIsVisible = 0;
			defaultConfigurationName = Release;
		};
		875C8F2B2774C1FB008F4FA5 /* Build configuration list for PBXNativeTarget "HeyQiitaNetwork" */ = {
			isa = XCConfigurationList;
			buildConfigurations = (
				875C8F2C2774C1FB008F4FA5 /* Debug */,
				875C8F2D2774C1FB008F4FA5 /* Stub */,
				875C8F2E2774C1FB008F4FA5 /* Release */,
			);
			defaultConfigurationIsVisible = 0;
			defaultConfigurationName = Release;
		};
		875C8F2F2774C1FB008F4FA5 /* Build configuration list for PBXNativeTarget "HeyQiitaNetworkTests" */ = {
			isa = XCConfigurationList;
			buildConfigurations = (
				875C8F302774C1FB008F4FA5 /* Debug */,
				875C8F312774C1FB008F4FA5 /* Stub */,
				875C8F322774C1FB008F4FA5 /* Release */,
			);
			defaultConfigurationIsVisible = 0;
			defaultConfigurationName = Release;
		};
		87B8B708277376000060A5FC /* Build configuration list for PBXProject "HeyQiita" */ = {
			isa = XCConfigurationList;
			buildConfigurations = (
				87B8B72F277376020060A5FC /* Debug */,
				8793CF32277377E500A8AB81 /* Stub */,
				87B8B730277376020060A5FC /* Release */,
			);
			defaultConfigurationIsVisible = 0;
			defaultConfigurationName = Release;
		};
		87B8B731277376020060A5FC /* Build configuration list for PBXNativeTarget "HeyQiita" */ = {
			isa = XCConfigurationList;
			buildConfigurations = (
				87B8B732277376020060A5FC /* Debug */,
				8793CF33277377E500A8AB81 /* Stub */,
				87B8B733277376020060A5FC /* Release */,
			);
			defaultConfigurationIsVisible = 0;
			defaultConfigurationName = Release;
		};
		87B8B734277376020060A5FC /* Build configuration list for PBXNativeTarget "HeyQiitaTests" */ = {
			isa = XCConfigurationList;
			buildConfigurations = (
				87B8B735277376020060A5FC /* Debug */,
				8793CF34277377E500A8AB81 /* Stub */,
				87B8B736277376020060A5FC /* Release */,
			);
			defaultConfigurationIsVisible = 0;
			defaultConfigurationName = Release;
		};
		87B8B737277376020060A5FC /* Build configuration list for PBXNativeTarget "HeyQiitaUITests" */ = {
			isa = XCConfigurationList;
			buildConfigurations = (
				87B8B738277376020060A5FC /* Debug */,
				8793CF35277377E500A8AB81 /* Stub */,
				87B8B739277376020060A5FC /* Release */,
			);
			defaultConfigurationIsVisible = 0;
			defaultConfigurationName = Release;
		};
/* End XCConfigurationList section */
	};
	rootObject = 87B8B705277376000060A5FC /* Project object */;
}
